
Microsoft Visual Studio Solution File, Format Version 12.00
# Visual Studio Version 17
VisualStudioVersion = 17.9.34607.119
MinimumVisualStudioVersion = 10.0.40219.1
Project("{FAE04EC0-301F-11D3-BF4B-00C04F79EFBC}") = "Polymorphism with interfaces", "Polymorphism with interfaces\Polymorphism with interfaces.csproj", "{269ECE90-8667-4F7A-9D41-4DAA92435689}"
EndProject
Global
	GlobalSection(SolutionConfigurationPlatforms) = preSolution
		Debug|Any CPU = Debug|Any CPU
		Release|Any CPU = Release|Any CPU
	EndGlobalSection
	GlobalSection(ProjectConfigurationPlatforms) = postSolution
		{269ECE90-8667-4F7A-9D41-4DAA92435689}.Debug|Any CPU.ActiveCfg = Debug|Any CPU
		{269ECE90-8667-4F7A-9D41-4DAA92435689}.Debug|Any CPU.Build.0 = Debug|Any CPU
		{269ECE90-8667-4F7A-9D41-4DAA92435689}.Release|Any CPU.ActiveCfg = Release|Any CPU
		{269ECE90-8667-4F7A-9D41-4DAA92435689}.Release|Any CPU.Build.0 = Release|Any CPU
	EndGlobalSection
	GlobalSection(SolutionProperties) = preSolution
		HideSolutionNode = FALSE
	EndGlobalSection
	GlobalSection(ExtensibilityGlobals) = postSolution
		SolutionGuid = {B03FB1BA-0431-4FF9-B096-97F6B4FE86F7}
	EndGlobalSection
EndGlobal
